// !$*UTF8*$!
{
	archiveVersion = 1;
	classes = {
	};
	objectVersion = 50;
	objects = {

/* Begin PBXBuildFile section */
		85A3935525083A0E009EB3E8 /* Days_of_MarchApp.swift in Sources */ = {isa = PBXBuildFile; fileRef = 85A3935425083A0E009EB3E8 /* Days_of_MarchApp.swift */; };
		85A3935725083A0E009EB3E8 /* ContentView.swift in Sources */ = {isa = PBXBuildFile; fileRef = 85A3935625083A0E009EB3E8 /* ContentView.swift */; };
		85A3935925083A0F009EB3E8 /* Assets.xcassets in Resources */ = {isa = PBXBuildFile; fileRef = 85A3935825083A0F009EB3E8 /* Assets.xcassets */; };
		85A3935C25083A0F009EB3E8 /* Preview Assets.xcassets in Resources */ = {isa = PBXBuildFile; fileRef = 85A3935B25083A0F009EB3E8 /* Preview Assets.xcassets */; };
		85A3936A25083A34009EB3E8 /* WidgetKit.framework in Frameworks */ = {isa = PBXBuildFile; fileRef = 85A3936925083A34009EB3E8 /* WidgetKit.framework */; };
		85A3936C25083A34009EB3E8 /* SwiftUI.framework in Frameworks */ = {isa = PBXBuildFile; fileRef = 85A3936B25083A34009EB3E8 /* SwiftUI.framework */; };
		85A3936F25083A34009EB3E8 /* Date_Widget.swift in Sources */ = {isa = PBXBuildFile; fileRef = 85A3936E25083A34009EB3E8 /* Date_Widget.swift */; };
		85A3937225083A35009EB3E8 /* Assets.xcassets in Resources */ = {isa = PBXBuildFile; fileRef = 85A3937125083A35009EB3E8 /* Assets.xcassets */; };
		85A3937425083A35009EB3E8 /* Date_Widget.intentdefinition in Sources */ = {isa = PBXBuildFile; fileRef = 85A3937025083A34009EB3E8 /* Date_Widget.intentdefinition */; };
		85A3937525083A35009EB3E8 /* Date_Widget.intentdefinition in Sources */ = {isa = PBXBuildFile; fileRef = 85A3937025083A34009EB3E8 /* Date_Widget.intentdefinition */; };
		85A3937825083A35009EB3E8 /* Date WidgetExtension.appex in Embed App Extensions */ = {isa = PBXBuildFile; fileRef = 85A3936725083A34009EB3E8 /* Date WidgetExtension.appex */; settings = {ATTRIBUTES = (RemoveHeadersOnCopy, ); }; };
/* End PBXBuildFile section */

/* Begin PBXContainerItemProxy section */
		85A3937625083A35009EB3E8 /* PBXContainerItemProxy */ = {
			isa = PBXContainerItemProxy;
			containerPortal = 85A3934925083A0E009EB3E8 /* Project object */;
			proxyType = 1;
			remoteGlobalIDString = 85A3936625083A34009EB3E8;
			remoteInfo = "Date WidgetExtension";
		};
/* End PBXContainerItemProxy section */

/* Begin PBXCopyFilesBuildPhase section */
		85A3937C25083A35009EB3E8 /* Embed App Extensions */ = {
			isa = PBXCopyFilesBuildPhase;
			buildActionMask = 2147483647;
			dstPath = "";
			dstSubfolderSpec = 13;
			files = (
				85A3937825083A35009EB3E8 /* Date WidgetExtension.appex in Embed App Extensions */,
			);
			name = "Embed App Extensions";
			runOnlyForDeploymentPostprocessing = 0;
		};
/* End PBXCopyFilesBuildPhase section */

/* Begin PBXFileReference section */
		85A3935125083A0E009EB3E8 /* Days of March.app */ = {isa = PBXFileReference; explicitFileType = wrapper.application; includeInIndex = 0; path = "Days of March.app"; sourceTree = BUILT_PRODUCTS_DIR; };
		85A3935425083A0E009EB3E8 /* Days_of_MarchApp.swift */ = {isa = PBXFileReference; lastKnownFileType = sourcecode.swift; path = Days_of_MarchApp.swift; sourceTree = "<group>"; };
		85A3935625083A0E009EB3E8 /* ContentView.swift */ = {isa = PBXFileReference; lastKnownFileType = sourcecode.swift; path = ContentView.swift; sourceTree = "<group>"; };
		85A3935825083A0F009EB3E8 /* Assets.xcassets */ = {isa = PBXFileReference; lastKnownFileType = folder.assetcatalog; path = Assets.xcassets; sourceTree = "<group>"; };
		85A3935B25083A0F009EB3E8 /* Preview Assets.xcassets */ = {isa = PBXFileReference; lastKnownFileType = folder.assetcatalog; path = "Preview Assets.xcassets"; sourceTree = "<group>"; };
		85A3935D25083A0F009EB3E8 /* Info.plist */ = {isa = PBXFileReference; lastKnownFileType = text.plist.xml; path = Info.plist; sourceTree = "<group>"; };
		85A3936725083A34009EB3E8 /* Date WidgetExtension.appex */ = {isa = PBXFileReference; explicitFileType = "wrapper.app-extension"; includeInIndex = 0; path = "Date WidgetExtension.appex"; sourceTree = BUILT_PRODUCTS_DIR; };
		85A3936925083A34009EB3E8 /* WidgetKit.framework */ = {isa = PBXFileReference; lastKnownFileType = wrapper.framework; name = WidgetKit.framework; path = System/Library/Frameworks/WidgetKit.framework; sourceTree = SDKROOT; };
		85A3936B25083A34009EB3E8 /* SwiftUI.framework */ = {isa = PBXFileReference; lastKnownFileType = wrapper.framework; name = SwiftUI.framework; path = System/Library/Frameworks/SwiftUI.framework; sourceTree = SDKROOT; };
		85A3936E25083A34009EB3E8 /* Date_Widget.swift */ = {isa = PBXFileReference; lastKnownFileType = sourcecode.swift; path = Date_Widget.swift; sourceTree = "<group>"; };
		85A3937025083A34009EB3E8 /* Date_Widget.intentdefinition */ = {isa = PBXFileReference; lastKnownFileType = file.intentdefinition; path = Date_Widget.intentdefinition; sourceTree = "<group>"; };
		85A3937125083A35009EB3E8 /* Assets.xcassets */ = {isa = PBXFileReference; lastKnownFileType = folder.assetcatalog; path = Assets.xcassets; sourceTree = "<group>"; };
		85A3937325083A35009EB3E8 /* Info.plist */ = {isa = PBXFileReference; lastKnownFileType = text.plist.xml; path = Info.plist; sourceTree = "<group>"; };
/* End PBXFileReference section */

/* Begin PBXFrameworksBuildPhase section */
		85A3934E25083A0E009EB3E8 /* Frameworks */ = {
			isa = PBXFrameworksBuildPhase;
			buildActionMask = 2147483647;
			files = (
			);
			runOnlyForDeploymentPostprocessing = 0;
		};
		85A3936425083A34009EB3E8 /* Frameworks */ = {
			isa = PBXFrameworksBuildPhase;
			buildActionMask = 2147483647;
			files = (
				85A3936C25083A34009EB3E8 /* SwiftUI.framework in Frameworks */,
				85A3936A25083A34009EB3E8 /* WidgetKit.framework in Frameworks */,
			);
			runOnlyForDeploymentPostprocessing = 0;
		};
/* End PBXFrameworksBuildPhase section */

/* Begin PBXGroup section */
		85A3934825083A0E009EB3E8 = {
			isa = PBXGroup;
			children = (
				85A3935325083A0E009EB3E8 /* Days of March */,
				85A3936D25083A34009EB3E8 /* Date Widget */,
				85A3936825083A34009EB3E8 /* Frameworks */,
				85A3935225083A0E009EB3E8 /* Products */,
			);
			sourceTree = "<group>";
		};
		85A3935225083A0E009EB3E8 /* Products */ = {
			isa = PBXGroup;
			children = (
				85A3935125083A0E009EB3E8 /* Days of March.app */,
				85A3936725083A34009EB3E8 /* Date WidgetExtension.appex */,
			);
			name = Products;
			sourceTree = "<group>";
		};
		85A3935325083A0E009EB3E8 /* Days of March */ = {
			isa = PBXGroup;
			children = (
				85A3935425083A0E009EB3E8 /* Days_of_MarchApp.swift */,
				85A3935625083A0E009EB3E8 /* ContentView.swift */,
				85A3935825083A0F009EB3E8 /* Assets.xcassets */,
				85A3935D25083A0F009EB3E8 /* Info.plist */,
				85A3935A25083A0F009EB3E8 /* Preview Content */,
			);
			path = "Days of March";
			sourceTree = "<group>";
		};
		85A3935A25083A0F009EB3E8 /* Preview Content */ = {
			isa = PBXGroup;
			children = (
				85A3935B25083A0F009EB3E8 /* Preview Assets.xcassets */,
			);
			path = "Preview Content";
			sourceTree = "<group>";
		};
		85A3936825083A34009EB3E8 /* Frameworks */ = {
			isa = PBXGroup;
			children = (
				85A3936925083A34009EB3E8 /* WidgetKit.framework */,
				85A3936B25083A34009EB3E8 /* SwiftUI.framework */,
			);
			name = Frameworks;
			sourceTree = "<group>";
		};
		85A3936D25083A34009EB3E8 /* Date Widget */ = {
			isa = PBXGroup;
			children = (
				85A3936E25083A34009EB3E8 /* Date_Widget.swift */,
				85A3937025083A34009EB3E8 /* Date_Widget.intentdefinition */,
				85A3937125083A35009EB3E8 /* Assets.xcassets */,
				85A3937325083A35009EB3E8 /* Info.plist */,
			);
			path = "Date Widget";
			sourceTree = "<group>";
		};
/* End PBXGroup section */

/* Begin PBXNativeTarget section */
		85A3935025083A0E009EB3E8 /* Days of March */ = {
			isa = PBXNativeTarget;
			buildConfigurationList = 85A3936025083A0F009EB3E8 /* Build configuration list for PBXNativeTarget "Days of March" */;
			buildPhases = (
				85A3934D25083A0E009EB3E8 /* Sources */,
				85A3934E25083A0E009EB3E8 /* Frameworks */,
				85A3934F25083A0E009EB3E8 /* Resources */,
				85A3937C25083A35009EB3E8 /* Embed App Extensions */,
			);
			buildRules = (
			);
			dependencies = (
				85A3937725083A35009EB3E8 /* PBXTargetDependency */,
			);
			name = "Days of March";
			productName = "Days of March";
			productReference = 85A3935125083A0E009EB3E8 /* Days of March.app */;
			productType = "com.apple.product-type.application";
		};
		85A3936625083A34009EB3E8 /* Date WidgetExtension */ = {
			isa = PBXNativeTarget;
			buildConfigurationList = 85A3937925083A35009EB3E8 /* Build configuration list for PBXNativeTarget "Date WidgetExtension" */;
			buildPhases = (
				85A3936325083A34009EB3E8 /* Sources */,
				85A3936425083A34009EB3E8 /* Frameworks */,
				85A3936525083A34009EB3E8 /* Resources */,
			);
			buildRules = (
			);
			dependencies = (
			);
			name = "Date WidgetExtension";
			productName = "Date WidgetExtension";
			productReference = 85A3936725083A34009EB3E8 /* Date WidgetExtension.appex */;
			productType = "com.apple.product-type.app-extension";
		};
/* End PBXNativeTarget section */

/* Begin PBXProject section */
		85A3934925083A0E009EB3E8 /* Project object */ = {
			isa = PBXProject;
			attributes = {
				LastSwiftUpdateCheck = 1200;
				LastUpgradeCheck = 1200;
				TargetAttributes = {
					85A3935025083A0E009EB3E8 = {
						CreatedOnToolsVersion = 12.0;
					};
					85A3936625083A34009EB3E8 = {
						CreatedOnToolsVersion = 12.0;
					};
				};
			};
			buildConfigurationList = 85A3934C25083A0E009EB3E8 /* Build configuration list for PBXProject "Days of March" */;
			compatibilityVersion = "Xcode 9.3";
			developmentRegion = en;
			hasScannedForEncodings = 0;
			knownRegions = (
				en,
				Base,
			);
			mainGroup = 85A3934825083A0E009EB3E8;
			productRefGroup = 85A3935225083A0E009EB3E8 /* Products */;
			projectDirPath = "";
			projectRoot = "";
			targets = (
				85A3935025083A0E009EB3E8 /* Days of March */,
				85A3936625083A34009EB3E8 /* Date WidgetExtension */,
			);
		};
/* End PBXProject section */

/* Begin PBXResourcesBuildPhase section */
		85A3934F25083A0E009EB3E8 /* Resources */ = {
			isa = PBXResourcesBuildPhase;
			buildActionMask = 2147483647;
			files = (
				85A3935C25083A0F009EB3E8 /* Preview Assets.xcassets in Resources */,
				85A3935925083A0F009EB3E8 /* Assets.xcassets in Resources */,
			);
			runOnlyForDeploymentPostprocessing = 0;
		};
		85A3936525083A34009EB3E8 /* Resources */ = {
			isa = PBXResourcesBuildPhase;
			buildActionMask = 2147483647;
			files = (
				85A3937225083A35009EB3E8 /* Assets.xcassets in Resources */,
			);
			runOnlyForDeploymentPostprocessing = 0;
		};
/* End PBXResourcesBuildPhase section */

/* Begin PBXSourcesBuildPhase section */
		85A3934D25083A0E009EB3E8 /* Sources */ = {
			isa = PBXSourcesBuildPhase;
			buildActionMask = 2147483647;
			files = (
				85A3935725083A0E009EB3E8 /* ContentView.swift in Sources */,
				85A3937525083A35009EB3E8 /* Date_Widget.intentdefinition in Sources */,
				85A3935525083A0E009EB3E8 /* Days_of_MarchApp.swift in Sources */,
			);
			runOnlyForDeploymentPostprocessing = 0;
		};
		85A3936325083A34009EB3E8 /* Sources */ = {
			isa = PBXSourcesBuildPhase;
			buildActionMask = 2147483647;
			files = (
				85A3937425083A35009EB3E8 /* Date_Widget.intentdefinition in Sources */,
				85A3936F25083A34009EB3E8 /* Date_Widget.swift in Sources */,
			);
			runOnlyForDeploymentPostprocessing = 0;
		};
/* End PBXSourcesBuildPhase section */

/* Begin PBXTargetDependency section */
		85A3937725083A35009EB3E8 /* PBXTargetDependency */ = {
			isa = PBXTargetDependency;
			target = 85A3936625083A34009EB3E8 /* Date WidgetExtension */;
			targetProxy = 85A3937625083A35009EB3E8 /* PBXContainerItemProxy */;
		};
/* End PBXTargetDependency section */

/* Begin XCBuildConfiguration section */
		85A3935E25083A0F009EB3E8 /* Debug */ = {
			isa = XCBuildConfiguration;
			buildSettings = {
				ALWAYS_SEARCH_USER_PATHS = NO;
				CLANG_ANALYZER_NONNULL = YES;
				CLANG_ANALYZER_NUMBER_OBJECT_CONVERSION = YES_AGGRESSIVE;
				CLANG_CXX_LANGUAGE_STANDARD = "gnu++14";
				CLANG_CXX_LIBRARY = "libc++";
				CLANG_ENABLE_MODULES = YES;
				CLANG_ENABLE_OBJC_ARC = YES;
				CLANG_ENABLE_OBJC_WEAK = YES;
				CLANG_WARN_BLOCK_CAPTURE_AUTORELEASING = YES;
				CLANG_WARN_BOOL_CONVERSION = YES;
				CLANG_WARN_COMMA = YES;
				CLANG_WARN_CONSTANT_CONVERSION = YES;
				CLANG_WARN_DEPRECATED_OBJC_IMPLEMENTATIONS = YES;
				CLANG_WARN_DIRECT_OBJC_ISA_USAGE = YES_ERROR;
				CLANG_WARN_DOCUMENTATION_COMMENTS = YES;
				CLANG_WARN_EMPTY_BODY = YES;
				CLANG_WARN_ENUM_CONVERSION = YES;
				CLANG_WARN_INFINITE_RECURSION = YES;
				CLANG_WARN_INT_CONVERSION = YES;
				CLANG_WARN_NON_LITERAL_NULL_CONVERSION = YES;
				CLANG_WARN_OBJC_IMPLICIT_RETAIN_SELF = YES;
				CLANG_WARN_OBJC_LITERAL_CONVERSION = YES;
				CLANG_WARN_OBJC_ROOT_CLASS = YES_ERROR;
				CLANG_WARN_QUOTED_INCLUDE_IN_FRAMEWORK_HEADER = YES;
				CLANG_WARN_RANGE_LOOP_ANALYSIS = YES;
				CLANG_WARN_STRICT_PROTOTYPES = YES;
				CLANG_WARN_SUSPICIOUS_MOVE = YES;
				CLANG_WARN_UNGUARDED_AVAILABILITY = YES_AGGRESSIVE;
				CLANG_WARN_UNREACHABLE_CODE = YES;
				CLANG_WARN__DUPLICATE_METHOD_MATCH = YES;
				COPY_PHASE_STRIP = NO;
				DEBUG_INFORMATION_FORMAT = dwarf;
				ENABLE_STRICT_OBJC_MSGSEND = YES;
				ENABLE_TESTABILITY = YES;
				GCC_C_LANGUAGE_STANDARD = gnu11;
				GCC_DYNAMIC_NO_PIC = NO;
				GCC_NO_COMMON_BLOCKS = YES;
				GCC_OPTIMIZATION_LEVEL = 0;
				GCC_PREPROCESSOR_DEFINITIONS = (
					"DEBUG=1",
					"$(inherited)",
				);
				GCC_WARN_64_TO_32_BIT_CONVERSION = YES;
				GCC_WARN_ABOUT_RETURN_TYPE = YES_ERROR;
				GCC_WARN_UNDECLARED_SELECTOR = YES;
				GCC_WARN_UNINITIALIZED_AUTOS = YES_AGGRESSIVE;
				GCC_WARN_UNUSED_FUNCTION = YES;
				GCC_WARN_UNUSED_VARIABLE = YES;
				IPHONEOS_DEPLOYMENT_TARGET = 14.0;
				MTL_ENABLE_DEBUG_INFO = INCLUDE_SOURCE;
				MTL_FAST_MATH = YES;
				ONLY_ACTIVE_ARCH = YES;
				SDKROOT = iphoneos;
				SWIFT_ACTIVE_COMPILATION_CONDITIONS = DEBUG;
				SWIFT_OPTIMIZATION_LEVEL = "-Onone";
			};
			name = Debug;
		};
		85A3935F25083A0F009EB3E8 /* Release */ = {
			isa = XCBuildConfiguration;
			buildSettings = {
				ALWAYS_SEARCH_USER_PATHS = NO;
				CLANG_ANALYZER_NONNULL = YES;
				CLANG_ANALYZER_NUMBER_OBJECT_CONVERSION = YES_AGGRESSIVE;
				CLANG_CXX_LANGUAGE_STANDARD = "gnu++14";
				CLANG_CXX_LIBRARY = "libc++";
				CLANG_ENABLE_MODULES = YES;
				CLANG_ENABLE_OBJC_ARC = YES;
				CLANG_ENABLE_OBJC_WEAK = YES;
				CLANG_WARN_BLOCK_CAPTURE_AUTORELEASING = YES;
				CLANG_WARN_BOOL_CONVERSION = YES;
				CLANG_WARN_COMMA = YES;
				CLANG_WARN_CONSTANT_CONVERSION = YES;
				CLANG_WARN_DEPRECATED_OBJC_IMPLEMENTATIONS = YES;
				CLANG_WARN_DIRECT_OBJC_ISA_USAGE = YES_ERROR;
				CLANG_WARN_DOCUMENTATION_COMMENTS = YES;
				CLANG_WARN_EMPTY_BODY = YES;
				CLANG_WARN_ENUM_CONVERSION = YES;
				CLANG_WARN_INFINITE_RECURSION = YES;
				CLANG_WARN_INT_CONVERSION = YES;
				CLANG_WARN_NON_LITERAL_NULL_CONVERSION = YES;
				CLANG_WARN_OBJC_IMPLICIT_RETAIN_SELF = YES;
				CLANG_WARN_OBJC_LITERAL_CONVERSION = YES;
				CLANG_WARN_OBJC_ROOT_CLASS = YES_ERROR;
				CLANG_WARN_QUOTED_INCLUDE_IN_FRAMEWORK_HEADER = YES;
				CLANG_WARN_RANGE_LOOP_ANALYSIS = YES;
				CLANG_WARN_STRICT_PROTOTYPES = YES;
				CLANG_WARN_SUSPICIOUS_MOVE = YES;
				CLANG_WARN_UNGUARDED_AVAILABILITY = YES_AGGRESSIVE;
				CLANG_WARN_UNREACHABLE_CODE = YES;
				CLANG_WARN__DUPLICATE_METHOD_MATCH = YES;
				COPY_PHASE_STRIP = NO;
				DEBUG_INFORMATION_FORMAT = "dwarf-with-dsym";
				ENABLE_NS_ASSERTIONS = NO;
				ENABLE_STRICT_OBJC_MSGSEND = YES;
				GCC_C_LANGUAGE_STANDARD = gnu11;
				GCC_NO_COMMON_BLOCKS = YES;
				GCC_WARN_64_TO_32_BIT_CONVERSION = YES;
				GCC_WARN_ABOUT_RETURN_TYPE = YES_ERROR;
				GCC_WARN_UNDECLARED_SELECTOR = YES;
				GCC_WARN_UNINITIALIZED_AUTOS = YES_AGGRESSIVE;
				GCC_WARN_UNUSED_FUNCTION = YES;
				GCC_WARN_UNUSED_VARIABLE = YES;
				IPHONEOS_DEPLOYMENT_TARGET = 14.0;
				MTL_ENABLE_DEBUG_INFO = NO;
				MTL_FAST_MATH = YES;
				SDKROOT = iphoneos;
				SWIFT_COMPILATION_MODE = wholemodule;
				SWIFT_OPTIMIZATION_LEVEL = "-O";
				VALIDATE_PRODUCT = YES;
			};
			name = Release;
		};
		85A3936125083A0F009EB3E8 /* Debug */ = {
			isa = XCBuildConfiguration;
			buildSettings = {
				ALWAYS_EMBED_SWIFT_STANDARD_LIBRARIES = YES;
				ASSETCATALOG_COMPILER_APPICON_NAME = AppIcon;
				ASSETCATALOG_COMPILER_GLOBAL_ACCENT_COLOR_NAME = AccentColor;
				CODE_SIGN_STYLE = Automatic;
				DEVELOPMENT_ASSET_PATHS = "\"Days of March/Preview Content\"";
				DEVELOPMENT_TEAM = 288H3WAR3W;
				ENABLE_PREVIEWS = YES;
				INFOPLIST_FILE = "Days of March/Info.plist";
				IPHONEOS_DEPLOYMENT_TARGET = 14.0;
				LD_RUNPATH_SEARCH_PATHS = (
					"$(inherited)",
					"@executable_path/Frameworks",
				);
				PRODUCT_BUNDLE_IDENTIFIER = "com.jedfox.Days-of-March";
				PRODUCT_NAME = "$(TARGET_NAME)";
				SWIFT_VERSION = 5.0;
				TARGETED_DEVICE_FAMILY = "1,2";
			};
			name = Debug;
		};
		85A3936225083A0F009EB3E8 /* Release */ = {
			isa = XCBuildConfiguration;
			buildSettings = {
				ALWAYS_EMBED_SWIFT_STANDARD_LIBRARIES = YES;
				ASSETCATALOG_COMPILER_APPICON_NAME = AppIcon;
				ASSETCATALOG_COMPILER_GLOBAL_ACCENT_COLOR_NAME = AccentColor;
				CODE_SIGN_STYLE = Automatic;
				DEVELOPMENT_ASSET_PATHS = "\"Days of March/Preview Content\"";
				DEVELOPMENT_TEAM = 288H3WAR3W;
				ENABLE_PREVIEWS = YES;
				INFOPLIST_FILE = "Days of March/Info.plist";
				IPHONEOS_DEPLOYMENT_TARGET = 14.0;
				LD_RUNPATH_SEARCH_PATHS = (
					"$(inherited)",
					"@executable_path/Frameworks",
				);
				PRODUCT_BUNDLE_IDENTIFIER = "com.jedfox.Days-of-March";
				PRODUCT_NAME = "$(TARGET_NAME)";
				SWIFT_VERSION = 5.0;
				TARGETED_DEVICE_FAMILY = "1,2";
			};
			name = Release;
		};
		85A3937A25083A35009EB3E8 /* Debug */ = {
			isa = XCBuildConfiguration;
			buildSettings = {
				ASSETCATALOG_COMPILER_GLOBAL_ACCENT_COLOR_NAME = AccentColor;
				ASSETCATALOG_COMPILER_WIDGET_BACKGROUND_COLOR_NAME = WidgetBackground;
				CODE_SIGN_STYLE = Automatic;
				DEVELOPMENT_TEAM = 288H3WAR3W;
				INFOPLIST_FILE = "Date Widget/Info.plist";
				LD_RUNPATH_SEARCH_PATHS = (
					"$(inherited)",
					"@executable_path/Frameworks",
					"@executable_path/../../Frameworks",
				);
				PRODUCT_BUNDLE_IDENTIFIER = "com.jedfox.Days-of-March.Date-Widget";
				PRODUCT_NAME = "$(TARGET_NAME)";
				SKIP_INSTALL = YES;
				SWIFT_VERSION = 5.0;
				TARGETED_DEVICE_FAMILY = "1,2";
			};
			name = Debug;
		};
		85A3937B25083A35009EB3E8 /* Release */ = {
			isa = XCBuildConfiguration;
			buildSettings = {
				ASSETCATALOG_COMPILER_GLOBAL_ACCENT_COLOR_NAME = AccentColor;
				ASSETCATALOG_COMPILER_WIDGET_BACKGROUND_COLOR_NAME = WidgetBackground;
				CODE_SIGN_STYLE = Automatic;
				DEVELOPMENT_TEAM = 288H3WAR3W;
				INFOPLIST_FILE = "Date Widget/Info.plist";
				LD_RUNPATH_SEARCH_PATHS = (
					"$(inherited)",
					"@executable_path/Frameworks",
					"@executable_path/../../Frameworks",
				);
				PRODUCT_BUNDLE_IDENTIFIER = "com.jedfox.Days-of-March.Date-Widget";
				PRODUCT_NAME = "$(TARGET_NAME)";
				SKIP_INSTALL = YES;
				SWIFT_VERSION = 5.0;
				TARGETED_DEVICE_FAMILY = "1,2";
			};
			name = Release;
		};
/* End XCBuildConfiguration section */

/* Begin XCConfigurationList section */
		85A3934C25083A0E009EB3E8 /* Build configuration list for PBXProject "Days of March" */ = {
			isa = XCConfigurationList;
			buildConfigurations = (
				85A3935E25083A0F009EB3E8 /* Debug */,
				85A3935F25083A0F009EB3E8 /* Release */,
			);
			defaultConfigurationIsVisible = 0;
			defaultConfigurationName = Release;
		};
		85A3936025083A0F009EB3E8 /* Build configuration list for PBXNativeTarget "Days of March" */ = {
			isa = XCConfigurationList;
			buildConfigurations = (
				85A3936125083A0F009EB3E8 /* Debug */,
				85A3936225083A0F009EB3E8 /* Release */,
			);
			defaultConfigurationIsVisible = 0;
			defaultConfigurationName = Release;
		};
		85A3937925083A35009EB3E8 /* Build configuration list for PBXNativeTarget "Date WidgetExtension" */ = {
			isa = XCConfigurationList;
			buildConfigurations = (
				85A3937A25083A35009EB3E8 /* Debug */,
				85A3937B25083A35009EB3E8 /* Release */,
			);
			defaultConfigurationIsVisible = 0;
			defaultConfigurationName = Release;
		};
/* End XCConfigurationList section */
	};
	rootObject = 85A3934925083A0E009EB3E8 /* Project object */;
}
